version = 1
revision = 3
requires-python = ">=3.12"

[[package]]
name = "beautifulsoup4"
version = "4.13.4"
source = { registry = "https://pypi.org/simple" }
dependencies = [
    { name = "soupsieve" },
    { name = "typing-extensions" },
]
sdist = { url = "https://files.pythonhosted.org/packages/d8/e4/0c4c39e18fd76d6a628d4dd8da40543d136ce2d1752bd6eeeab0791f4d6b/beautifulsoup4-4.13.4.tar.gz", hash = "sha256:dbb3c4e1ceae6aefebdaf2423247260cd062430a410e38c66f2baa50a8437195", size = 621067, upload-time = "2025-04-15T17:05:13.836Z" }
wheels = [
    { url = "https://files.pythonhosted.org/packages/50/cd/30110dc0ffcf3b131156077b90e9f60ed75711223f306da4db08eff8403b/beautifulsoup4-4.13.4-py3-none-any.whl", hash = "sha256:9bbbb14bfde9d79f38b8cd5f8c7c85f4b8f2523190ebed90e950a8dea4cb1c4b", size = 187285, upload-time = "2025-04-15T17:05:12.221Z" },
]

[[package]]
name = "markdown"
version = "3.8.2"
source = { registry = "https://pypi.org/simple" }
sdist = { url = "https://files.pythonhosted.org/packages/d7/c2/4ab49206c17f75cb08d6311171f2d65798988db4360c4d1485bd0eedd67c/markdown-3.8.2.tar.gz", hash = "sha256:247b9a70dd12e27f67431ce62523e675b866d254f900c4fe75ce3dda62237c45", size = 362071, upload-time = "2025-06-19T17:12:44.483Z" }
wheels = [
    { url = "https://files.pythonhosted.org/packages/96/2b/34cc11786bc00d0f04d0f5fdc3a2b1ae0b6239eef72d3d345805f9ad92a1/markdown-3.8.2-py3-none-any.whl", hash = "sha256:5c83764dbd4e00bdd94d85a19b8d55ccca20fe35b2e678a1422b380324dd5f24", size = 106827, upload-time = "2025-06-19T17:12:42.994Z" },
]

[[package]]
name = "rcssmin"
version = "1.2.2"
source = { registry = "https://pypi.org/simple" }
sdist = { url = "https://files.pythonhosted.org/packages/81/af/c9654b4f9b054ec163ed7cb20d8db0e5ae05e2e9ce99a4c11d91a2180b3f/rcssmin-1.2.2.tar.gz", hash = "sha256:806986eaf7414545edc28a1d29523e9560e49e151ff4a337d9d1f0271d6e1cc4", size = 587012, upload-time = "2025-10-12T10:48:08.932Z" }
wheels = [
    { url = "https://files.pythonhosted.org/packages/86/5c/29af37ffb21a3069d108902868262b25fbbf731821cf5c7de76bba986dd1/rcssmin-1.2.2-cp312-cp312-manylinux1_i686.whl", hash = "sha256:78249189d39344a1e9d813c51362831537500e104c5bdce4ff24fe59010e9ee1", size = 48819, upload-time = "2025-10-12T10:48:31.3Z" },
    { url = "https://files.pythonhosted.org/packages/89/dc/b522a5e1a0a8ef8af50adbb3bdd9f5a059a9890b9fc5ce3f44a37a996a74/rcssmin-1.2.2-cp312-cp312-manylinux1_x86_64.whl", hash = "sha256:217efed0dff304d503bf481068ddb13ae72176ed5970f1011fb1a1e379308d9c", size = 49248, upload-time = "2025-10-12T10:48:32.254Z" },
    { url = "https://files.pythonhosted.org/packages/66/0b/7c0018793080ed26939d9beaf09591cf58fb9cda3253a891137b841a902a/rcssmin-1.2.2-cp312-cp312-manylinux2014_aarch64.whl", hash = "sha256:c51aa47b1752ae55ad4cf4332e7316c5206a6a686d65bc15431a6bfea393e665", size = 50723, upload-time = "2025-10-12T10:48:33.398Z" },
    { url = "https://files.pythonhosted.org/packages/52/b4/c8b0d2588719af2b9c454e6e95f18bd60b0c474da4b65af61bb6457a7555/rcssmin-1.2.2-cp312-cp312-musllinux_1_1_aarch64.whl", hash = "sha256:354215283f32413ced87b358934ebbb7c5529f51f5d316e80bc2889486d388b3", size = 53302, upload-time = "2025-10-12T10:48:34.452Z" },
    { url = "https://files.pythonhosted.org/packages/8d/cb/1a8d6ace1ff845d57fa31087510a88dc10ac01cea41317e976bbf2413f91/rcssmin-1.2.2-cp312-cp312-musllinux_1_1_i686.whl", hash = "sha256:265b57de87949b505bcd658f4f5bbfc1f077390108cd12e288ba2f7824bee52c", size = 53001, upload-time = "2025-10-12T10:48:35.389Z" },
    { url = "https://files.pythonhosted.org/packages/5e/25/2d97155edb351a28e5a46a35f7b4e54bfe3933847bd2ba6674216a817d9e/rcssmin-1.2.2-cp312-cp312-musllinux_1_1_x86_64.whl", hash = "sha256:83ecd3093640d69f7582839788e012ecf9a85faeb95760032626977a7d3904b2", size = 53285, upload-time = "2025-10-12T10:48:36.513Z" },
    { url = "https://files.pythonhosted.org/packages/8b/ae/3a7911e1c773f3deb039a42588ae6cee59d6bcec07b5081db376677b293a/rcssmin-1.2.2-cp313-cp313-manylinux1_i686.whl", hash = "sha256:e91449b612a08e5e80df3487e941c86e2c73c5088169588c31c382eb94da0521", size = 48764, upload-time = "2025-10-12T10:48:37.45Z" },
    { url = "https://files.pythonhosted.org/packages/30/a7/6d311986d76da0a538bae3f584d2b7579dd11648e74f539b177d8af51f6b/rcssmin-1.2.2-cp313-cp313-manylinux1_x86_64.whl", hash = "sha256:20a32c49d65b65c3ac80305d8a31b98f3d92b1b052dd63b57fbebc7003f9ae38", size = 49175, upload-time = "2025-10-12T10:48:39.601Z" },
    { url = "https://files.pythonhosted.org/packages/f2/9b/ceb12f3397695d075a1f3e12e295d84f021562540a6579144cb985d80ccb/rcssmin-1.2.2-cp313-cp313-manylinux2014_aarch64.whl", hash = "sha256:cd0a5ca4a0fc3b193ab0dcd251bd2463900558108cc4306a5cc4ab77c6bfffde", size = 50675, upload-time = "2025-10-12T10:48:40.664Z" },
    { url = "https://files.pythonhosted.org/packages/3b/8c/efb41baaea20567fa0c335705bff1f187e35301b684891d26282a16aff1b/rcssmin-1.2.2-cp313-cp313-musllinux_1_1_aarch64.whl", hash = "sha256:2b008aa77a92f9db2d88f7e7ab45b81f37253cb0baafda59dd5b857c2de9b09f", size = 52999, upload-time = "2025-10-12T10:48:41.749Z" },
    { url = "https://files.pythonhosted.org/packages/4d/f6/cf692cca8837375fd21bf31cd134e10684fc11283a68c04160619aa826dc/rcssmin-1.2.2-cp313-cp313-musllinux_1_1_i686.whl", hash = "sha256:b3843e0501fa45d7c911dd7b3b78fd5f51c8159dd36d780ee12060da2d526aa0", size = 52752, upload-time = "2025-10-12T10:48:42.823Z" },
    { url = "https://files.pythonhosted.org/packages/8d/fa/5b0f1df380f598a397414dfaba74b05901379918f4d6b1746462190ae011/rcssmin-1.2.2-cp313-cp313-musllinux_1_1_x86_64.whl", hash = "sha256:bb75b0e412a5419d62f39d89d0b3920a6697d2b12c8dad57f8bde1c76332c640", size = 52994, upload-time = "2025-10-12T10:48:44.023Z" },
    { url = "https://files.pythonhosted.org/packages/16/df/7157985ff9e2f3fecb15b03370ee0c8de42fd5a07c4b54e0be2c0f3f8133/rcssmin-1.2.2-cp313-cp313t-manylinux1_i686.whl", hash = "sha256:dd192a876a7af9a14628ff20818df80187294db96d86ddccf72371a6ae3e7ce7", size = 51314, upload-time = "2025-10-12T10:48:45.569Z" },
    { url = "https://files.pythonhosted.org/packages/56/d5/e6c176b8d39faf0fac3a6896022febb00d0ac5c4b99d4924572c579af210/rcssmin-1.2.2-cp313-cp313t-manylinux1_x86_64.whl", hash = "sha256:5724ed426c1444c35584f0bcda43c81ac47da769228722207aea7b8eedf31224", size = 51509, upload-time = "2025-10-12T10:48:47.03Z" },
    { url = "https://files.pythonhosted.org/packages/b7/3e/493ef8b7ce621b45f1be4505295fe604280918f67a01a28c82f9d0621a3f/rcssmin-1.2.2-cp313-cp313t-manylinux2014_aarch64.whl", hash = "sha256:228cc8d192ba4bd82305c085cbb5594d45d8dc6605d4eddc319543fb9f47b319", size = 52730, upload-time = "2025-10-12T10:48:48.13Z" },
    { url = "https://files.pythonhosted.org/packages/b2/90/77cf149fac7f247dac530a96beac7c52cea9fab928b5c3e2a45c6da86147/rcssmin-1.2.2-cp313-cp313t-musllinux_1_1_aarch64.whl", hash = "sha256:714390aac7c4cb611eecc845a5d9bb01495a3c9fccf9d8a2d6aa75a109276f7b", size = 54939, upload-time = "2025-10-12T10:48:49.423Z" },
    { url = "https://files.pythonhosted.org/packages/35/37/b8347b3a817b99eab9cc987f1090c7192d9d5f077fdc84c04d12f5186b87/rcssmin-1.2.2-cp313-cp313t-musllinux_1_1_i686.whl", hash = "sha256:64ec506fce7a3f1e993f4c4b55c7b3d9ad8259191cf20d986aa1d1a13e920fe8", size = 55108, upload-time = "2025-10-12T10:48:50.463Z" },
    { url = "https://files.pythonhosted.org/packages/5e/e1/fb555f831d5e5674a91444007434ba85b4ae98cfd97dd7bc9c2962c0f56b/rcssmin-1.2.2-cp313-cp313t-musllinux_1_1_x86_64.whl", hash = "sha256:742bb522d1efe0f1d362d81e00b5dc93ca2ddd1e435ed2d921cfa84fbb9f6887", size = 54858, upload-time = "2025-10-12T10:48:51.941Z" },
    { url = "https://files.pythonhosted.org/packages/a0/40/9c4cb3133f6d4ddfbeada76988a10ff2a974706fd6fcbb97edd8c0f4cc76/rcssmin-1.2.2-cp314-cp314-manylinux1_i686.whl", hash = "sha256:540dd3aa586b5f8f4c4b90db37e6a31c04718cdf90dbe9bec43c3b4dd50519e7", size = 49032, upload-time = "2025-10-12T10:48:53.014Z" },
    { url = "https://files.pythonhosted.org/packages/07/84/a411a48fd4179a88c68a2ad3649b408fa7887a421d3435c10ae6f5724e3a/rcssmin-1.2.2-cp314-cp314-manylinux1_x86_64.whl", hash = "sha256:6ea38a38eec263858b70bed6715478dcfed7fbc5d63333a8c512631ee22baad9", size = 49497, upload-time = "2025-10-12T10:48:54.009Z" },
    { url = "https://files.pythonhosted.org/packages/a1/32/5663a71a9304e0c9f33b765264508229d026359cfff746e1d0a593d809ea/rcssmin-1.2.2-cp314-cp314-manylinux2014_aarch64.whl", hash = "sha256:07dc7d352e8eb08de82fc4c545dd04f9f487466c8370051e0bee4eb1e4dc85d0", size = 50382, upload-time = "2025-10-12T10:48:55.079Z" },
    { url = "https://files.pythonhosted.org/packages/d7/28/e411eb191ffff7bd712f2eb0f691cb7ca514b1876d6bff2f5ae61359b8db/rcssmin-1.2.2-cp314-cp314-musllinux_1_2_aarch64.whl", hash = "sha256:cdccb0e08281f0dd5d463c16ec61a06bd1534de50206dc72918be3c10dcb82e5", size = 50962, upload-time = "2025-10-12T10:48:56.494Z" },
    { url = "https://files.pythonhosted.org/packages/fb/3f/cdb99526d294c5dd4b919dc4ef492b7bd11e08b585d15ec641dfb9423493/rcssmin-1.2.2-cp314-cp314-musllinux_1_2_i686.whl", hash = "sha256:2b6d5e2e2fd65738d57ef65aaaed2cff2288eccff7f704bf3d579e6f451cb60a", size = 52504, upload-time = "2025-10-12T10:48:57.886Z" },
    { url = "https://files.pythonhosted.org/packages/e8/60/a8183401fa64e93e1d52b2cdf275a2c11e0993f5f3162c573a67872b535d/rcssmin-1.2.2-cp314-cp314-musllinux_1_2_x86_64.whl", hash = "sha256:7018d4197713c7797d1a67ed47ab53d4706c2e9ed134123c30a47d389dda5386", size = 50561, upload-time = "2025-10-12T10:48:58.935Z" },
    { url = "https://files.pythonhosted.org/packages/47/5e/496d6c9c309e2fe79e6a69f25f7a6d18f545edb4ea3584f461b9f84b0d60/rcssmin-1.2.2-cp314-cp314t-manylinux1_i686.whl", hash = "sha256:0162c32ce946978edc834d4fba705ac5f9422d7f556f3264cc4fc67c7ee39171", size = 51214, upload-time = "2025-10-12T10:49:00.021Z" },
    { url = "https://files.pythonhosted.org/packages/5e/78/87da6706d5856ceee71421ba831d2f5d93c3e6865acfbb56ace8d54587cc/rcssmin-1.2.2-cp314-cp314t-manylinux1_x86_64.whl", hash = "sha256:f17dc92553a46412c49f972f0ab31088032b9482a9c421bc2d39691a5d8842aa", size = 51608, upload-time = "2025-10-12T10:49:01.422Z" },
    { url = "https://files.pythonhosted.org/packages/cd/6c/204b0262c11ac2da2b8df2d8fed76f1959273fbc8376450d0ac022d754b7/rcssmin-1.2.2-cp314-cp314t-manylinux2014_aarch64.whl", hash = "sha256:40c7dfba098bbd129d8c35dd8b604275585f9dc0496e5d17dbe7fd6b873b0233", size = 53349, upload-time = "2025-10-12T10:49:02.512Z" },
    { url = "https://files.pythonhosted.org/packages/c3/7b/9aae16756d3f33cbc512760ba3e69c3856a51aa293e463f2ca97760d1b1b/rcssmin-1.2.2-cp314-cp314t-musllinux_1_2_aarch64.whl", hash = "sha256:d0197fab78ebbe33f5df9caf2572ef2d44bbe243a9130881a0c5c53ba03641fa", size = 53066, upload-time = "2025-10-12T10:49:03.589Z" },
    { url = "https://files.pythonhosted.org/packages/4e/18/b06fadfa9b85e486bb1571050217cb539c062d1ae4cd32b1a31c36f67fd4/rcssmin-1.2.2-cp314-cp314t-musllinux_1_2_i686.whl", hash = "sha256:19e53c58768369366fdaef00da59f275f724f229994ea885309df6ca368ff3c8", size = 54271, upload-time = "2025-10-12T10:49:04.735Z" },
    { url = "https://files.pythonhosted.org/packages/79/55/f29ce21f8e5a1f3c19d43b67b907268d227b7edcda2ca200ca0028734a5e/rcssmin-1.2.2-cp314-cp314t-musllinux_1_2_x86_64.whl", hash = "sha256:8d3de1a870e00d157f3a7b1797498fdc09a3774629079572350f75783bb94b9a", size = 52423, upload-time = "2025-10-12T10:49:06.04Z" },
]

[[package]]
name = "ruff"
version = "0.12.2"
source = { registry = "https://pypi.org/simple" }
sdist = { url = "https://files.pythonhosted.org/packages/6c/3d/d9a195676f25d00dbfcf3cf95fdd4c685c497fcfa7e862a44ac5e4e96480/ruff-0.12.2.tar.gz", hash = "sha256:d7b4f55cd6f325cb7621244f19c873c565a08aff5a4ba9c69aa7355f3f7afd3e", size = 4432239, upload-time = "2025-07-03T16:40:19.566Z" }
wheels = [
    { url = "https://files.pythonhosted.org/packages/74/b6/2098d0126d2d3318fd5bec3ad40d06c25d377d95749f7a0c5af17129b3b1/ruff-0.12.2-py3-none-linux_armv6l.whl", hash = "sha256:093ea2b221df1d2b8e7ad92fc6ffdca40a2cb10d8564477a987b44fd4008a7be", size = 10369761, upload-time = "2025-07-03T16:39:38.847Z" },
    { url = "https://files.pythonhosted.org/packages/b1/4b/5da0142033dbe155dc598cfb99262d8ee2449d76920ea92c4eeb9547c208/ruff-0.12.2-py3-none-macosx_10_12_x86_64.whl", hash = "sha256:09e4cf27cc10f96b1708100fa851e0daf21767e9709e1649175355280e0d950e", size = 11155659, upload-time = "2025-07-03T16:39:42.294Z" },
    { url = "https://files.pythonhosted.org/packages/3e/21/967b82550a503d7c5c5c127d11c935344b35e8c521f52915fc858fb3e473/ruff-0.12.2-py3-none-macosx_11_0_arm64.whl", hash = "sha256:8ae64755b22f4ff85e9c52d1f82644abd0b6b6b6deedceb74bd71f35c24044cc", size = 10537769, upload-time = "2025-07-03T16:39:44.75Z" },
    { url = "https://files.pythonhosted.org/packages/33/91/00cff7102e2ec71a4890fb7ba1803f2cdb122d82787c7d7cf8041fe8cbc1/ruff-0.12.2-py3-none-manylinux_2_17_aarch64.manylinux2014_aarch64.whl", hash = "sha256:3eb3a6b2db4d6e2c77e682f0b988d4d61aff06860158fdb413118ca133d57922", size = 10717602, upload-time = "2025-07-03T16:39:47.652Z" },
    { url = "https://files.pythonhosted.org/packages/9b/eb/928814daec4e1ba9115858adcda44a637fb9010618721937491e4e2283b8/ruff-0.12.2-py3-none-manylinux_2_17_armv7l.manylinux2014_armv7l.whl", hash = "sha256:73448de992d05517170fc37169cbca857dfeaeaa8c2b9be494d7bcb0d36c8f4b", size = 10198772, upload-time = "2025-07-03T16:39:49.641Z" },
    { url = "https://files.pythonhosted.org/packages/50/fa/f15089bc20c40f4f72334f9145dde55ab2b680e51afb3b55422effbf2fb6/ruff-0.12.2-py3-none-manylinux_2_17_i686.manylinux2014_i686.whl", hash = "sha256:3b8b94317cbc2ae4a2771af641739f933934b03555e51515e6e021c64441532d", size = 11845173, upload-time = "2025-07-03T16:39:52.069Z" },
    { url = "https://files.pythonhosted.org/packages/43/9f/1f6f98f39f2b9302acc161a4a2187b1e3a97634fe918a8e731e591841cf4/ruff-0.12.2-py3-none-manylinux_2_17_ppc64.manylinux2014_ppc64.whl", hash = "sha256:45fc42c3bf1d30d2008023a0a9a0cfb06bf9835b147f11fe0679f21ae86d34b1", size = 12553002, upload-time = "2025-07-03T16:39:54.551Z" },
    { url = "https://files.pythonhosted.org/packages/d8/70/08991ac46e38ddd231c8f4fd05ef189b1b94be8883e8c0c146a025c20a19/ruff-0.12.2-py3-none-manylinux_2_17_ppc64le.manylinux2014_ppc64le.whl", hash = "sha256:ce48f675c394c37e958bf229fb5c1e843e20945a6d962cf3ea20b7a107dcd9f4", size = 12171330, upload-time = "2025-07-03T16:39:57.55Z" },
    { url = "https://files.pythonhosted.org/packages/88/a9/5a55266fec474acfd0a1c73285f19dd22461d95a538f29bba02edd07a5d9/ruff-0.12.2-py3-none-manylinux_2_17_s390x.manylinux2014_s390x.whl", hash = "sha256:793d8859445ea47591272021a81391350205a4af65a9392401f418a95dfb75c9", size = 11774717, upload-time = "2025-07-03T16:39:59.78Z" },
    { url = "https://files.pythonhosted.org/packages/87/e5/0c270e458fc73c46c0d0f7cf970bb14786e5fdb88c87b5e423a4bd65232b/ruff-0.12.2-py3-none-manylinux_2_17_x86_64.manylinux2014_x86_64.whl", hash = "sha256:6932323db80484dda89153da3d8e58164d01d6da86857c79f1961934354992da", size = 11646659, upload-time = "2025-07-03T16:40:01.934Z" },
    { url = "https://files.pythonhosted.org/packages/b7/b6/45ab96070c9752af37f0be364d849ed70e9ccede07675b0ec4e3ef76b63b/ruff-0.12.2-py3-none-musllinux_1_2_aarch64.whl", hash = "sha256:6aa7e623a3a11538108f61e859ebf016c4f14a7e6e4eba1980190cacb57714ce", size = 10604012, upload-time = "2025-07-03T16:40:04.363Z" },
    { url = "https://files.pythonhosted.org/packages/86/91/26a6e6a424eb147cc7627eebae095cfa0b4b337a7c1c413c447c9ebb72fd/ruff-0.12.2-py3-none-musllinux_1_2_armv7l.whl", hash = "sha256:2a4a20aeed74671b2def096bdf2eac610c7d8ffcbf4fb0e627c06947a1d7078d", size = 10176799, upload-time = "2025-07-03T16:40:06.514Z" },
    { url = "https://files.pythonhosted.org/packages/f5/0c/9f344583465a61c8918a7cda604226e77b2c548daf8ef7c2bfccf2b37200/ruff-0.12.2-py3-none-musllinux_1_2_i686.whl", hash = "sha256:71a4c550195612f486c9d1f2b045a600aeba851b298c667807ae933478fcef04", size = 11241507, upload-time = "2025-07-03T16:40:08.708Z" },
    { url = "https://files.pythonhosted.org/packages/1c/b7/99c34ded8fb5f86c0280278fa89a0066c3760edc326e935ce0b1550d315d/ruff-0.12.2-py3-none-musllinux_1_2_x86_64.whl", hash = "sha256:4987b8f4ceadf597c927beee65a5eaf994c6e2b631df963f86d8ad1bdea99342", size = 11717609, upload-time = "2025-07-03T16:40:10.836Z" },
    { url = "https://files.pythonhosted.org/packages/51/de/8589fa724590faa057e5a6d171e7f2f6cffe3287406ef40e49c682c07d89/ruff-0.12.2-py3-none-win32.whl", hash = "sha256:369ffb69b70cd55b6c3fc453b9492d98aed98062db9fec828cdfd069555f5f1a", size = 10523823, upload-time = "2025-07-03T16:40:13.203Z" },
    { url = "https://files.pythonhosted.org/packages/94/47/8abf129102ae4c90cba0c2199a1a9b0fa896f6f806238d6f8c14448cc748/ruff-0.12.2-py3-none-win_amd64.whl", hash = "sha256:dca8a3b6d6dc9810ed8f328d406516bf4d660c00caeaef36eb831cf4871b0639", size = 11629831, upload-time = "2025-07-03T16:40:15.478Z" },
    { url = "https://files.pythonhosted.org/packages/e2/1f/72d2946e3cc7456bb837e88000eb3437e55f80db339c840c04015a11115d/ruff-0.12.2-py3-none-win_arm64.whl", hash = "sha256:48d6c6bfb4761df68bc05ae630e24f506755e702d4fb08f08460be778c7ccb12", size = 10735334, upload-time = "2025-07-03T16:40:17.677Z" },
]

[[package]]
name = "soupsieve"
version = "2.7"
source = { registry = "https://pypi.org/simple" }
sdist = { url = "https://files.pythonhosted.org/packages/3f/f4/4a80cd6ef364b2e8b65b15816a843c0980f7a5a2b4dc701fc574952aa19f/soupsieve-2.7.tar.gz", hash = "sha256:ad282f9b6926286d2ead4750552c8a6142bc4c783fd66b0293547c8fe6ae126a", size = 103418, upload-time = "2025-04-20T18:50:08.518Z" }
wheels = [
    { url = "https://files.pythonhosted.org/packages/e7/9c/0e6afc12c269578be5c0c1c9f4b49a8d32770a080260c333ac04cc1c832d/soupsieve-2.7-py3-none-any.whl", hash = "sha256:6e60cc5c1ffaf1cebcc12e8188320b72071e922c2e897f737cadce79ad5d30c4", size = 36677, upload-time = "2025-04-20T18:50:07.196Z" },
]

[[package]]
name = "typing-extensions"
version = "4.14.1"
source = { registry = "https://pypi.org/simple" }
sdist = { url = "https://files.pythonhosted.org/packages/98/5a/da40306b885cc8c09109dc2e1abd358d5684b1425678151cdaed4731c822/typing_extensions-4.14.1.tar.gz", hash = "sha256:38b39f4aeeab64884ce9f74c94263ef78f3c22467c8724005483154c26648d36", size = 107673, upload-time = "2025-07-04T13:28:34.16Z" }
wheels = [
    { url = "https://files.pythonhosted.org/packages/b5/00/d631e67a838026495268c2f6884f3711a15a9a2a96cd244fdaea53b823fb/typing_extensions-4.14.1-py3-none-any.whl", hash = "sha256:d1e1e3b58374dc93031d6eda2420a48ea44a36c2b4766a4fdeb3710755731d76", size = 43906, upload-time = "2025-07-04T13:28:32.743Z" },
]

[[package]]
name = "utils"
version = "0.1.0"
source = { virtual = "." }
dependencies = [
    { name = "beautifulsoup4" },
    { name = "markdown" },
    { name = "rcssmin" },
    { name = "ruff" },
]

[package.metadata]
requires-dist = [
    { name = "beautifulsoup4", specifier = ">=4.13.4" },
    { name = "markdown", specifier = ">=3.8.2" },
    { name = "rcssmin", specifier = ">=1.2.2" },
    { name = "ruff", specifier = ">=0.12.2" },
]
